
Microsoft Visual Studio Solution File, Format Version 12.00
# Visual Studio 14
VisualStudioVersion = 14.0.23107.0
MinimumVisualStudioVersion = 10.0.40219.1
Project("{FAE04EC0-301F-11D3-BF4B-00C04F79EFBC}") = "SampleTest", "SampleTest\SampleTest.csproj", "{645AE298-94D7-4626-AEA6-2FD41C0F66F3}"
EndProject
Project("{FAE04EC0-301F-11D3-BF4B-00C04F79EFBC}") = "SampleTest.Test", "SampleTest.Test\SampleTest.Test.csproj", "{B913C759-7E5F-4797-9A14-3772A2B1B64C}"
EndProject
Project("{2150E333-8FDC-42A3-9474-1A3956D46DE8}") = "Solution Items", "Solution Items", "{09A7074B-28B8-46B8-8EA6-0A2BF37F8D8F}"
	ProjectSection(SolutionItems) = preProject
		.travis.yml = .travis.yml
	EndProjectSection
EndProject
Global
	GlobalSection(SolutionConfigurationPlatforms) = preSolution
		Debug|Any CPU = Debug|Any CPU
		Release|Any CPU = Release|Any CPU
	EndGlobalSection
	GlobalSection(ProjectConfigurationPlatforms) = postSolution
		{645AE298-94D7-4626-AEA6-2FD41C0F66F3}.Debug|Any CPU.ActiveCfg = Debug|Any CPU
		{645AE298-94D7-4626-AEA6-2FD41C0F66F3}.Debug|Any CPU.Build.0 = Debug|Any CPU
		{645AE298-94D7-4626-AEA6-2FD41C0F66F3}.Release|Any CPU.ActiveCfg = Release|Any CPU
		{645AE298-94D7-4626-AEA6-2FD41C0F66F3}.Release|Any CPU.Build.0 = Release|Any CPU
		{B913C759-7E5F-4797-9A14-3772A2B1B64C}.Debug|Any CPU.ActiveCfg = Debug|Any CPU
		{B913C759-7E5F-4797-9A14-3772A2B1B64C}.Debug|Any CPU.Build.0 = Debug|Any CPU
		{B913C759-7E5F-4797-9A14-3772A2B1B64C}.Release|Any CPU.ActiveCfg = Release|Any CPU
		{B913C759-7E5F-4797-9A14-3772A2B1B64C}.Release|Any CPU.Build.0 = Release|Any CPU
	EndGlobalSection
	GlobalSection(SolutionProperties) = preSolution
		HideSolutionNode = FALSE
	EndGlobalSection
EndGlobal
